
Microsoft Visual Studio Solution File, Format Version 12.00
# Visual Studio Version 16
VisualStudioVersion = 16.0.30717.126
MinimumVisualStudioVersion = 10.0.40219.1
Project("{9A19103F-16F7-4668-BE54-9A1E7A4F7556}") = "UserManagement.API", "UserManagement.API\UserManagement.API.csproj", "{A8DE7FDD-5F09-4DC4-A9AF-EA38D5D840F8}"
EndProject
Project("{9A19103F-16F7-4668-BE54-9A1E7A4F7556}") = "UserManagement.Core", "UserManagement.Core\UserManagement.Core.csproj", "{D03C6A35-BE3A-4A57-9705-57A31D6FE9F3}"
EndProject
Project("{9A19103F-16F7-4668-BE54-9A1E7A4F7556}") = "UserManagement.BusinessLogic", "UserManagement.BusinessLogic\UserManagement.BusinessLogic.csproj", "{74159BCE-4C40-4DF5-8AFF-A948CFA4E8F7}"
EndProject
Project("{9A19103F-16F7-4668-BE54-9A1E7A4F7556}") = "UserManagement.Models", "UserManagement.Models\UserManagement.Models.csproj", "{EF5EA968-5A40-43AA-9421-1A8D2D96003D}"
EndProject
Project("{9A19103F-16F7-4668-BE54-9A1E7A4F7556}") = "UserManagement.Shared", "UserManagement.Shared\UserManagement.Shared.csproj", "{5CB6E63C-015D-4C88-97FF-F1533122F052}"
EndProject
Global
	GlobalSection(SolutionConfigurationPlatforms) = preSolution
		Debug|Any CPU = Debug|Any CPU
		Release|Any CPU = Release|Any CPU
	EndGlobalSection
	GlobalSection(ProjectConfigurationPlatforms) = postSolution
		{A8DE7FDD-5F09-4DC4-A9AF-EA38D5D840F8}.Debug|Any CPU.ActiveCfg = Debug|Any CPU
		{A8DE7FDD-5F09-4DC4-A9AF-EA38D5D840F8}.Debug|Any CPU.Build.0 = Debug|Any CPU
		{A8DE7FDD-5F09-4DC4-A9AF-EA38D5D840F8}.Release|Any CPU.ActiveCfg = Release|Any CPU
		{A8DE7FDD-5F09-4DC4-A9AF-EA38D5D840F8}.Release|Any CPU.Build.0 = Release|Any CPU
		{D03C6A35-BE3A-4A57-9705-57A31D6FE9F3}.Debug|Any CPU.ActiveCfg = Debug|Any CPU
		{D03C6A35-BE3A-4A57-9705-57A31D6FE9F3}.Debug|Any CPU.Build.0 = Debug|Any CPU
		{D03C6A35-BE3A-4A57-9705-57A31D6FE9F3}.Release|Any CPU.ActiveCfg = Release|Any CPU
		{D03C6A35-BE3A-4A57-9705-57A31D6FE9F3}.Release|Any CPU.Build.0 = Release|Any CPU
		{74159BCE-4C40-4DF5-8AFF-A948CFA4E8F7}.Debug|Any CPU.ActiveCfg = Debug|Any CPU
		{74159BCE-4C40-4DF5-8AFF-A948CFA4E8F7}.Debug|Any CPU.Build.0 = Debug|Any CPU
		{74159BCE-4C40-4DF5-8AFF-A948CFA4E8F7}.Release|Any CPU.ActiveCfg = Release|Any CPU
		{74159BCE-4C40-4DF5-8AFF-A948CFA4E8F7}.Release|Any CPU.Build.0 = Release|Any CPU
		{EF5EA968-5A40-43AA-9421-1A8D2D96003D}.Debug|Any CPU.ActiveCfg = Debug|Any CPU
		{EF5EA968-5A40-43AA-9421-1A8D2D96003D}.Debug|Any CPU.Build.0 = Debug|Any CPU
		{EF5EA968-5A40-43AA-9421-1A8D2D96003D}.Release|Any CPU.ActiveCfg = Release|Any CPU
		{EF5EA968-5A40-43AA-9421-1A8D2D96003D}.Release|Any CPU.Build.0 = Release|Any CPU
		{5CB6E63C-015D-4C88-97FF-F1533122F052}.Debug|Any CPU.ActiveCfg = Debug|Any CPU
		{5CB6E63C-015D-4C88-97FF-F1533122F052}.Debug|Any CPU.Build.0 = Debug|Any CPU
		{5CB6E63C-015D-4C88-97FF-F1533122F052}.Release|Any CPU.ActiveCfg = Release|Any CPU
		{5CB6E63C-015D-4C88-97FF-F1533122F052}.Release|Any CPU.Build.0 = Release|Any CPU
	EndGlobalSection
	GlobalSection(SolutionProperties) = preSolution
		HideSolutionNode = FALSE
	EndGlobalSection
	GlobalSection(ExtensibilityGlobals) = postSolution
		SolutionGuid = {58AE5D39-37AB-4BD4-B569-5AE3C3ADAA87}
	EndGlobalSection
EndGlobal
